
Microsoft Visual Studio Solution File, Format Version 12.00
# Visual Studio Version 17
VisualStudioVersion = 17.2.32526.322
MinimumVisualStudioVersion = 10.0.40219.1
Project("{FAE04EC0-301F-11D3-BF4B-00C04F79EFBC}") = "BE_ASPNET_2911", "BE_ASPNET_2911\BE_ASPNET_2911.csproj", "{428C0448-23BA-4212-83FB-381EB42651B0}"
EndProject
Project("{FAE04EC0-301F-11D3-BF4B-00C04F79EFBC}") = "WebApplicationMVC", "WebApplicationMVC\WebApplicationMVC.csproj", "{253BF691-C396-47DB-A92F-CEE549F1512C}"
EndProject
Project("{FAE04EC0-301F-11D3-BF4B-00C04F79EFBC}") = "WebApplicatioCoreMVC", "WebApplicatioCoreMVC\WebApplicatioCoreMVC.csproj", "{738680E9-8DC4-45B7-A04F-7D46DF7F6108}"
EndProject
Global
	GlobalSection(SolutionConfigurationPlatforms) = preSolution
		Debug|Any CPU = Debug|Any CPU
		Release|Any CPU = Release|Any CPU
	EndGlobalSection
	GlobalSection(ProjectConfigurationPlatforms) = postSolution
		{428C0448-23BA-4212-83FB-381EB42651B0}.Debug|Any CPU.ActiveCfg = Debug|Any CPU
		{428C0448-23BA-4212-83FB-381EB42651B0}.Debug|Any CPU.Build.0 = Debug|Any CPU
		{428C0448-23BA-4212-83FB-381EB42651B0}.Release|Any CPU.ActiveCfg = Release|Any CPU
		{428C0448-23BA-4212-83FB-381EB42651B0}.Release|Any CPU.Build.0 = Release|Any CPU
		{253BF691-C396-47DB-A92F-CEE549F1512C}.Debug|Any CPU.ActiveCfg = Debug|Any CPU
		{253BF691-C396-47DB-A92F-CEE549F1512C}.Debug|Any CPU.Build.0 = Debug|Any CPU
		{253BF691-C396-47DB-A92F-CEE549F1512C}.Release|Any CPU.ActiveCfg = Release|Any CPU
		{253BF691-C396-47DB-A92F-CEE549F1512C}.Release|Any CPU.Build.0 = Release|Any CPU
		{738680E9-8DC4-45B7-A04F-7D46DF7F6108}.Debug|Any CPU.ActiveCfg = Debug|Any CPU
		{738680E9-8DC4-45B7-A04F-7D46DF7F6108}.Debug|Any CPU.Build.0 = Debug|Any CPU
		{738680E9-8DC4-45B7-A04F-7D46DF7F6108}.Release|Any CPU.ActiveCfg = Release|Any CPU
		{738680E9-8DC4-45B7-A04F-7D46DF7F6108}.Release|Any CPU.Build.0 = Release|Any CPU
	EndGlobalSection
	GlobalSection(SolutionProperties) = preSolution
		HideSolutionNode = FALSE
	EndGlobalSection
	GlobalSection(ExtensibilityGlobals) = postSolution
		SolutionGuid = {1BBB86BF-F217-4A18-9C6A-71235FF91FD6}
	EndGlobalSection
EndGlobal
